
Microsoft Visual Studio Solution File, Format Version 12.00
# Visual Studio Version 16
VisualStudioVersion = 16.0.31702.278
MinimumVisualStudioVersion = 10.0.40219.1
Project("{FAE04EC0-301F-11D3-BF4B-00C04F79EFBC}") = "My.Asssignment.WebAPI", "My.Asssignment.WebAPI\My.Asssignment.WebAPI.csproj", "{982FD10D-C883-4BD3-BBB9-15A8321AEE3D}"
EndProject
Project("{FAE04EC0-301F-11D3-BF4B-00C04F79EFBC}") = "Notes.DB", "Notes.DB\Notes.DB.csproj", "{C1288222-F155-4F7B-9D37-175680515C65}"
EndProject
Project("{FAE04EC0-301F-11D3-BF4B-00C04F79EFBC}") = "Notes.Core", "Notes.Core\Notes.Core.csproj", "{9B752B58-EA2E-4A9E-8D7B-ACCE8EC89578}"
EndProject
Global
	GlobalSection(SolutionConfigurationPlatforms) = preSolution
		Debug|Any CPU = Debug|Any CPU
		Release|Any CPU = Release|Any CPU
	EndGlobalSection
	GlobalSection(ProjectConfigurationPlatforms) = postSolution
		{982FD10D-C883-4BD3-BBB9-15A8321AEE3D}.Debug|Any CPU.ActiveCfg = Debug|Any CPU
		{982FD10D-C883-4BD3-BBB9-15A8321AEE3D}.Debug|Any CPU.Build.0 = Debug|Any CPU
		{982FD10D-C883-4BD3-BBB9-15A8321AEE3D}.Release|Any CPU.ActiveCfg = Release|Any CPU
		{982FD10D-C883-4BD3-BBB9-15A8321AEE3D}.Release|Any CPU.Build.0 = Release|Any CPU
		{C1288222-F155-4F7B-9D37-175680515C65}.Debug|Any CPU.ActiveCfg = Debug|Any CPU
		{C1288222-F155-4F7B-9D37-175680515C65}.Debug|Any CPU.Build.0 = Debug|Any CPU
		{C1288222-F155-4F7B-9D37-175680515C65}.Release|Any CPU.ActiveCfg = Release|Any CPU
		{C1288222-F155-4F7B-9D37-175680515C65}.Release|Any CPU.Build.0 = Release|Any CPU
		{9B752B58-EA2E-4A9E-8D7B-ACCE8EC89578}.Debug|Any CPU.ActiveCfg = Debug|Any CPU
		{9B752B58-EA2E-4A9E-8D7B-ACCE8EC89578}.Debug|Any CPU.Build.0 = Debug|Any CPU
		{9B752B58-EA2E-4A9E-8D7B-ACCE8EC89578}.Release|Any CPU.ActiveCfg = Release|Any CPU
		{9B752B58-EA2E-4A9E-8D7B-ACCE8EC89578}.Release|Any CPU.Build.0 = Release|Any CPU
	EndGlobalSection
	GlobalSection(SolutionProperties) = preSolution
		HideSolutionNode = FALSE
	EndGlobalSection
	GlobalSection(ExtensibilityGlobals) = postSolution
		SolutionGuid = {31B32467-74B7-4808-B636-D5D8B150907F}
	EndGlobalSection
EndGlobal
